
Microsoft Visual Studio Solution File, Format Version 12.00
# Visual Studio Version 17
VisualStudioVersion = 17.0.31903.59
MinimumVisualStudioVersion = 10.0.40219.1
Project("{FAE04EC0-301F-11D3-BF4B-00C04F79EFBC}") = "Net6RecordEfCoreProxies", "Net6RecordEfCoreProxies\Net6RecordEfCoreProxies.csproj", "{FF805437-8005-4976-8D89-F547FBA3A0B5}"
EndProject
Global
	GlobalSection(SolutionConfigurationPlatforms) = preSolution
		Debug|Any CPU = Debug|Any CPU
		Release|Any CPU = Release|Any CPU
	EndGlobalSection
	GlobalSection(ProjectConfigurationPlatforms) = postSolution
		{FF805437-8005-4976-8D89-F547FBA3A0B5}.Debug|Any CPU.ActiveCfg = Debug|Any CPU
		{FF805437-8005-4976-8D89-F547FBA3A0B5}.Debug|Any CPU.Build.0 = Debug|Any CPU
		{FF805437-8005-4976-8D89-F547FBA3A0B5}.Release|Any CPU.ActiveCfg = Release|Any CPU
		{FF805437-8005-4976-8D89-F547FBA3A0B5}.Release|Any CPU.Build.0 = Release|Any CPU
	EndGlobalSection
	GlobalSection(SolutionProperties) = preSolution
		HideSolutionNode = FALSE
	EndGlobalSection
	GlobalSection(ExtensibilityGlobals) = postSolution
		SolutionGuid = {328074DE-173C-45A8-8D59-53CA28298628}
	EndGlobalSection
EndGlobal
